
Microsoft Visual Studio Solution File, Format Version 12.00
# Visual Studio 14
VisualStudioVersion = 14.0.25420.1
MinimumVisualStudioVersion = 10.0.40219.1
Project("{FAE04EC0-301F-11D3-BF4B-00C04F79EFBC}") = "MVC", "MVC\MVC.csproj", "{7D69B74A-CCF9-4A53-A6E4-A7C1CD01F371}"
EndProject
Project("{FAE04EC0-301F-11D3-BF4B-00C04F79EFBC}") = "MVC.Tests", "MVC.Tests\MVC.Tests.csproj", "{5CC68709-B84E-4C70-870D-0CEE08758514}"
EndProject
Project("{FAE04EC0-301F-11D3-BF4B-00C04F79EFBC}") = "DAL", "DAL\DAL.csproj", "{84DEDD26-4186-4C8E-AF5D-012A459DABAB}"
EndProject
Project("{FAE04EC0-301F-11D3-BF4B-00C04F79EFBC}") = "Common", "Common\Common.csproj", "{F525C1C4-A75E-44AE-AE6A-39857D1CB298}"
EndProject
Project("{FAE04EC0-301F-11D3-BF4B-00C04F79EFBC}") = "TestApp", "TestApp\TestApp.csproj", "{BAF71026-9226-43F2-8DF6-A2ACCADE3622}"
EndProject
Project("{FAE04EC0-301F-11D3-BF4B-00C04F79EFBC}") = "DAL.Tests", "DAL.Tests\DAL.Tests.csproj", "{DA620AAA-02C1-4EED-A727-0AD3B92DCAF7}"
EndProject
Project("{FAE04EC0-301F-11D3-BF4B-00C04F79EFBC}") = "Common.Tests", "Common.Tests\Common.Tests.csproj", "{F9F8546D-B68A-4A4A-9159-65F1A4987991}"
EndProject
Global
	GlobalSection(SolutionConfigurationPlatforms) = preSolution
		Debug|Any CPU = Debug|Any CPU
		Publish|Any CPU = Publish|Any CPU
		Release|Any CPU = Release|Any CPU
	EndGlobalSection
	GlobalSection(ProjectConfigurationPlatforms) = postSolution
		{7D69B74A-CCF9-4A53-A6E4-A7C1CD01F371}.Debug|Any CPU.ActiveCfg = Debug|Any CPU
		{7D69B74A-CCF9-4A53-A6E4-A7C1CD01F371}.Debug|Any CPU.Build.0 = Debug|Any CPU
		{7D69B74A-CCF9-4A53-A6E4-A7C1CD01F371}.Publish|Any CPU.ActiveCfg = Publish|Any CPU
		{7D69B74A-CCF9-4A53-A6E4-A7C1CD01F371}.Publish|Any CPU.Build.0 = Publish|Any CPU
		{7D69B74A-CCF9-4A53-A6E4-A7C1CD01F371}.Release|Any CPU.ActiveCfg = Release|Any CPU
		{7D69B74A-CCF9-4A53-A6E4-A7C1CD01F371}.Release|Any CPU.Build.0 = Release|Any CPU
		{5CC68709-B84E-4C70-870D-0CEE08758514}.Debug|Any CPU.ActiveCfg = Debug|Any CPU
		{5CC68709-B84E-4C70-870D-0CEE08758514}.Debug|Any CPU.Build.0 = Debug|Any CPU
		{5CC68709-B84E-4C70-870D-0CEE08758514}.Publish|Any CPU.ActiveCfg = Publish|Any CPU
		{5CC68709-B84E-4C70-870D-0CEE08758514}.Publish|Any CPU.Build.0 = Publish|Any CPU
		{5CC68709-B84E-4C70-870D-0CEE08758514}.Release|Any CPU.ActiveCfg = Release|Any CPU
		{5CC68709-B84E-4C70-870D-0CEE08758514}.Release|Any CPU.Build.0 = Release|Any CPU
		{84DEDD26-4186-4C8E-AF5D-012A459DABAB}.Debug|Any CPU.ActiveCfg = Debug|Any CPU
		{84DEDD26-4186-4C8E-AF5D-012A459DABAB}.Debug|Any CPU.Build.0 = Debug|Any CPU
		{84DEDD26-4186-4C8E-AF5D-012A459DABAB}.Publish|Any CPU.ActiveCfg = Release|Any CPU
		{84DEDD26-4186-4C8E-AF5D-012A459DABAB}.Publish|Any CPU.Build.0 = Release|Any CPU
		{84DEDD26-4186-4C8E-AF5D-012A459DABAB}.Release|Any CPU.ActiveCfg = Release|Any CPU
		{84DEDD26-4186-4C8E-AF5D-012A459DABAB}.Release|Any CPU.Build.0 = Release|Any CPU
		{F525C1C4-A75E-44AE-AE6A-39857D1CB298}.Debug|Any CPU.ActiveCfg = Debug|Any CPU
		{F525C1C4-A75E-44AE-AE6A-39857D1CB298}.Debug|Any CPU.Build.0 = Debug|Any CPU
		{F525C1C4-A75E-44AE-AE6A-39857D1CB298}.Publish|Any CPU.ActiveCfg = Release|Any CPU
		{F525C1C4-A75E-44AE-AE6A-39857D1CB298}.Publish|Any CPU.Build.0 = Release|Any CPU
		{F525C1C4-A75E-44AE-AE6A-39857D1CB298}.Release|Any CPU.ActiveCfg = Release|Any CPU
		{F525C1C4-A75E-44AE-AE6A-39857D1CB298}.Release|Any CPU.Build.0 = Release|Any CPU
		{BAF71026-9226-43F2-8DF6-A2ACCADE3622}.Debug|Any CPU.ActiveCfg = Debug|Any CPU
		{BAF71026-9226-43F2-8DF6-A2ACCADE3622}.Debug|Any CPU.Build.0 = Debug|Any CPU
		{BAF71026-9226-43F2-8DF6-A2ACCADE3622}.Publish|Any CPU.ActiveCfg = Publish|Any CPU
		{BAF71026-9226-43F2-8DF6-A2ACCADE3622}.Publish|Any CPU.Build.0 = Publish|Any CPU
		{BAF71026-9226-43F2-8DF6-A2ACCADE3622}.Release|Any CPU.ActiveCfg = Release|Any CPU
		{BAF71026-9226-43F2-8DF6-A2ACCADE3622}.Release|Any CPU.Build.0 = Release|Any CPU
		{DA620AAA-02C1-4EED-A727-0AD3B92DCAF7}.Debug|Any CPU.ActiveCfg = Debug|Any CPU
		{DA620AAA-02C1-4EED-A727-0AD3B92DCAF7}.Debug|Any CPU.Build.0 = Debug|Any CPU
		{DA620AAA-02C1-4EED-A727-0AD3B92DCAF7}.Publish|Any CPU.ActiveCfg = Release|Any CPU
		{DA620AAA-02C1-4EED-A727-0AD3B92DCAF7}.Publish|Any CPU.Build.0 = Release|Any CPU
		{DA620AAA-02C1-4EED-A727-0AD3B92DCAF7}.Release|Any CPU.ActiveCfg = Release|Any CPU
		{DA620AAA-02C1-4EED-A727-0AD3B92DCAF7}.Release|Any CPU.Build.0 = Release|Any CPU
		{F9F8546D-B68A-4A4A-9159-65F1A4987991}.Debug|Any CPU.ActiveCfg = Debug|Any CPU
		{F9F8546D-B68A-4A4A-9159-65F1A4987991}.Debug|Any CPU.Build.0 = Debug|Any CPU
		{F9F8546D-B68A-4A4A-9159-65F1A4987991}.Publish|Any CPU.ActiveCfg = Release|Any CPU
		{F9F8546D-B68A-4A4A-9159-65F1A4987991}.Publish|Any CPU.Build.0 = Release|Any CPU
		{F9F8546D-B68A-4A4A-9159-65F1A4987991}.Release|Any CPU.ActiveCfg = Release|Any CPU
		{F9F8546D-B68A-4A4A-9159-65F1A4987991}.Release|Any CPU.Build.0 = Release|Any CPU
	EndGlobalSection
	GlobalSection(SolutionProperties) = preSolution
		HideSolutionNode = FALSE
	EndGlobalSection
EndGlobal
